<Solution>
  <Folder Name="/Src/" />
  <Folder Name="/Src/Src.API/">
    <Project Path="AGRIMARKET.API/AGRIMARKET.API.csproj" />
  </Folder>
  <Folder Name="/Src/Src.Application/">
    <Project Path="AGRIMARKET.APPLICATION/AGRIMARKET.APPLICATION.csproj" />
  </Folder>
  <Folder Name="/Src/Src.Domain/">
    <Project Path="AGRIMARKET.DOMAIN/AGRIMARKET.DOMAIN.csproj" />
  </Folder>
  <Folder Name="/Src/Src.Infrastructure/">
    <Project Path="AGRIMARKET.INFRASTRUCTURE/AGRIMARKET.INFRASTRUCTURE.csproj" />
  </Folder>
  <Folder Name="/Src/Src.Resources/">
    <Project Path="AGRIMARKET.RESOURCES/AGRIMARKET.RESOURCES.csproj" />
  </Folder>
</Solution>
